
Microsoft Visual Studio Solution File, Format Version 12.00
# Visual Studio Version 17
VisualStudioVersion = 17.10.34607.79
MinimumVisualStudioVersion = 10.0.40219.1
Project("{FAE04EC0-301F-11D3-BF4B-00C04F79EFBC}") = "Abstract", "Abstract\Abstract.csproj", "{178AA5BA-0AC2-49BC-8C70-1989579B138C}"
EndProject
Global
	GlobalSection(SolutionConfigurationPlatforms) = preSolution
		Debug|Any CPU = Debug|Any CPU
		Release|Any CPU = Release|Any CPU
	EndGlobalSection
	GlobalSection(ProjectConfigurationPlatforms) = postSolution
		{178AA5BA-0AC2-49BC-8C70-1989579B138C}.Debug|Any CPU.ActiveCfg = Debug|Any CPU
		{178AA5BA-0AC2-49BC-8C70-1989579B138C}.Debug|Any CPU.Build.0 = Debug|Any CPU
		{178AA5BA-0AC2-49BC-8C70-1989579B138C}.Release|Any CPU.ActiveCfg = Release|Any CPU
		{178AA5BA-0AC2-49BC-8C70-1989579B138C}.Release|Any CPU.Build.0 = Release|Any CPU
	EndGlobalSection
	GlobalSection(SolutionProperties) = preSolution
		HideSolutionNode = FALSE
	EndGlobalSection
	GlobalSection(ExtensibilityGlobals) = postSolution
		SolutionGuid = {0E52BE8D-C08D-4752-BDCA-08014B893527}
	EndGlobalSection
EndGlobal
